// !$*UTF8*$!
{
	archiveVersion = 1;
	classes = {
	};
	objectVersion = 50;
	objects = {

/* Begin PBXBuildFile section */
		3C90F510228B634200F3EAA5 /* AppDelegate.swift in Sources */ = {isa = PBXBuildFile; fileRef = 3C90F50F228B634200F3EAA5 /* AppDelegate.swift */; };
		3C90F512228B634200F3EAA5 /* ViewController.swift in Sources */ = {isa = PBXBuildFile; fileRef = 3C90F511228B634200F3EAA5 /* ViewController.swift */; };
		3C90F515228B634200F3EAA5 /* Main.storyboard in Resources */ = {isa = PBXBuildFile; fileRef = 3C90F513228B634200F3EAA5 /* Main.storyboard */; };
		3C90F517228B634400F3EAA5 /* Assets.xcassets in Resources */ = {isa = PBXBuildFile; fileRef = 3C90F516228B634400F3EAA5 /* Assets.xcassets */; };
		3C90F51A228B634400F3EAA5 /* LaunchScreen.storyboard in Resources */ = {isa = PBXBuildFile; fileRef = 3C90F518228B634400F3EAA5 /* LaunchScreen.storyboard */; };
		3C90F523228B64B500F3EAA5 /* ConicalGradientLayer.swift in Sources */ = {isa = PBXBuildFile; fileRef = 3C90F522228B64B500F3EAA5 /* ConicalGradientLayer.swift */; };
		3C90F525228B64E000F3EAA5 /* ConicalGradientView.swift in Sources */ = {isa = PBXBuildFile; fileRef = 3C90F524228B64E000F3EAA5 /* ConicalGradientView.swift */; };
/* End PBXBuildFile section */

/* Begin PBXFileReference section */
		3C90F50C228B634200F3EAA5 /* GradientColorPicker.app */ = {isa = PBXFileReference; explicitFileType = wrapper.application; includeInIndex = 0; path = GradientColorPicker.app; sourceTree = BUILT_PRODUCTS_DIR; };
		3C90F50F228B634200F3EAA5 /* AppDelegate.swift */ = {isa = PBXFileReference; lastKnownFileType = sourcecode.swift; path = AppDelegate.swift; sourceTree = "<group>"; };
		3C90F511228B634200F3EAA5 /* ViewController.swift */ = {isa = PBXFileReference; lastKnownFileType = sourcecode.swift; path = ViewController.swift; sourceTree = "<group>"; };
		3C90F514228B634200F3EAA5 /* Base */ = {isa = PBXFileReference; lastKnownFileType = file.storyboard; name = Base; path = Base.lproj/Main.storyboard; sourceTree = "<group>"; };
		3C90F516228B634400F3EAA5 /* Assets.xcassets */ = {isa = PBXFileReference; lastKnownFileType = folder.assetcatalog; path = Assets.xcassets; sourceTree = "<group>"; };
		3C90F519228B634400F3EAA5 /* Base */ = {isa = PBXFileReference; lastKnownFileType = file.storyboard; name = Base; path = Base.lproj/LaunchScreen.storyboard; sourceTree = "<group>"; };
		3C90F51B228B634400F3EAA5 /* Info.plist */ = {isa = PBXFileReference; lastKnownFileType = text.plist.xml; path = Info.plist; sourceTree = "<group>"; };
		3C90F522228B64B500F3EAA5 /* ConicalGradientLayer.swift */ = {isa = PBXFileReference; lastKnownFileType = sourcecode.swift; path = ConicalGradientLayer.swift; sourceTree = "<group>"; };
		3C90F524228B64E000F3EAA5 /* ConicalGradientView.swift */ = {isa = PBXFileReference; lastKnownFileType = sourcecode.swift; path = ConicalGradientView.swift; sourceTree = "<group>"; };
/* End PBXFileReference section */

/* Begin PBXFrameworksBuildPhase section */
		3C90F509228B634200F3EAA5 /* Frameworks */ = {
			isa = PBXFrameworksBuildPhase;
			buildActionMask = 2147483647;
			files = (
			);
			runOnlyForDeploymentPostprocessing = 0;
		};
/* End PBXFrameworksBuildPhase section */

/* Begin PBXGroup section */
		3C90F503228B634200F3EAA5 = {
			isa = PBXGroup;
			children = (
				3C90F50E228B634200F3EAA5 /* GradientColorPicker */,
				3C90F50D228B634200F3EAA5 /* Products */,
			);
			sourceTree = "<group>";
		};
		3C90F50D228B634200F3EAA5 /* Products */ = {
			isa = PBXGroup;
			children = (
				3C90F50C228B634200F3EAA5 /* GradientColorPicker.app */,
			);
			name = Products;
			sourceTree = "<group>";
		};
		3C90F50E228B634200F3EAA5 /* GradientColorPicker */ = {
			isa = PBXGroup;
			children = (
				3C90F521228B649200F3EAA5 /* GradientColorPicker */,
				3C90F50F228B634200F3EAA5 /* AppDelegate.swift */,
				3C90F511228B634200F3EAA5 /* ViewController.swift */,
				3C90F513228B634200F3EAA5 /* Main.storyboard */,
				3C90F516228B634400F3EAA5 /* Assets.xcassets */,
				3C90F518228B634400F3EAA5 /* LaunchScreen.storyboard */,
				3C90F51B228B634400F3EAA5 /* Info.plist */,
			);
			path = GradientColorPicker;
			sourceTree = "<group>";
		};
		3C90F521228B649200F3EAA5 /* GradientColorPicker */ = {
			isa = PBXGroup;
			children = (
				3C90F522228B64B500F3EAA5 /* ConicalGradientLayer.swift */,
				3C90F524228B64E000F3EAA5 /* ConicalGradientView.swift */,
			);
			path = GradientColorPicker;
			sourceTree = "<group>";
		};
/* End PBXGroup section */

/* Begin PBXNativeTarget section */
		3C90F50B228B634200F3EAA5 /* GradientColorPicker */ = {
			isa = PBXNativeTarget;
			buildConfigurationList = 3C90F51E228B634400F3EAA5 /* Build configuration list for PBXNativeTarget "GradientColorPicker" */;
			buildPhases = (
				3C90F508228B634200F3EAA5 /* Sources */,
				3C90F509228B634200F3EAA5 /* Frameworks */,
				3C90F50A228B634200F3EAA5 /* Resources */,
			);
			buildRules = (
			);
			dependencies = (
			);
			name = GradientColorPicker;
			productName = GradientColorPicker;
			productReference = 3C90F50C228B634200F3EAA5 /* GradientColorPicker.app */;
			productType = "com.apple.product-type.application";
		};
/* End PBXNativeTarget section */

/* Begin PBXProject section */
		3C90F504228B634200F3EAA5 /* Project object */ = {
			isa = PBXProject;
			attributes = {
				LastSwiftUpdateCheck = 1020;
				LastUpgradeCheck = 1020;
				ORGANIZATIONNAME = GreenSphereStudios;
				TargetAttributes = {
					3C90F50B228B634200F3EAA5 = {
						CreatedOnToolsVersion = 10.2.1;
					};
				};
			};
			buildConfigurationList = 3C90F507228B634200F3EAA5 /* Build configuration list for PBXProject "GradientColorPicker" */;
			compatibilityVersion = "Xcode 9.3";
			developmentRegion = en;
			hasScannedForEncodings = 0;
			knownRegions = (
				en,
				Base,
			);
			mainGroup = 3C90F503228B634200F3EAA5;
			productRefGroup = 3C90F50D228B634200F3EAA5 /* Products */;
			projectDirPath = "";
			projectRoot = "";
			targets = (
				3C90F50B228B634200F3EAA5 /* GradientColorPicker */,
			);
		};
/* End PBXProject section */

/* Begin PBXResourcesBuildPhase section */
		3C90F50A228B634200F3EAA5 /* Resources */ = {
			isa = PBXResourcesBuildPhase;
			buildActionMask = 2147483647;
			files = (
				3C90F51A228B634400F3EAA5 /* LaunchScreen.storyboard in Resources */,
				3C90F517228B634400F3EAA5 /* Assets.xcassets in Resources */,
				3C90F515228B634200F3EAA5 /* Main.storyboard in Resources */,
			);
			runOnlyForDeploymentPostprocessing = 0;
		};
/* End PBXResourcesBuildPhase section */

/* Begin PBXSourcesBuildPhase section */
		3C90F508228B634200F3EAA5 /* Sources */ = {
			isa = PBXSourcesBuildPhase;
			buildActionMask = 2147483647;
			files = (
				3C90F512228B634200F3EAA5 /* ViewController.swift in Sources */,
				3C90F510228B634200F3EAA5 /* AppDelegate.swift in Sources */,
				3C90F525228B64E000F3EAA5 /* ConicalGradientView.swift in Sources */,
				3C90F523228B64B500F3EAA5 /* ConicalGradientLayer.swift in Sources */,
			);
			runOnlyForDeploymentPostprocessing = 0;
		};
/* End PBXSourcesBuildPhase section */

/* Begin PBXVariantGroup section */
		3C90F513228B634200F3EAA5 /* Main.storyboard */ = {
			isa = PBXVariantGroup;
			children = (
				3C90F514228B634200F3EAA5 /* Base */,
			);
			name = Main.storyboard;
			sourceTree = "<group>";
		};
		3C90F518228B634400F3EAA5 /* LaunchScreen.storyboard */ = {
			isa = PBXVariantGroup;
			children = (
				3C90F519228B634400F3EAA5 /* Base */,
			);
			name = LaunchScreen.storyboard;
			sourceTree = "<group>";
		};
/* End PBXVariantGroup section */

/* Begin XCBuildConfiguration section */
		3C90F51C228B634400F3EAA5 /* Debug */ = {
			isa = XCBuildConfiguration;
			buildSettings = {
				ALWAYS_SEARCH_USER_PATHS = NO;
				CLANG_ANALYZER_NONNULL = YES;
				CLANG_ANALYZER_NUMBER_OBJECT_CONVERSION = YES_AGGRESSIVE;
				CLANG_CXX_LANGUAGE_STANDARD = "gnu++14";
				CLANG_CXX_LIBRARY = "libc++";
				CLANG_ENABLE_MODULES = YES;
				CLANG_ENABLE_OBJC_ARC = YES;
				CLANG_ENABLE_OBJC_WEAK = YES;
				CLANG_WARN_BLOCK_CAPTURE_AUTORELEASING = YES;
				CLANG_WARN_BOOL_CONVERSION = YES;
				CLANG_WARN_COMMA = YES;
				CLANG_WARN_CONSTANT_CONVERSION = YES;
				CLANG_WARN_DEPRECATED_OBJC_IMPLEMENTATIONS = YES;
				CLANG_WARN_DIRECT_OBJC_ISA_USAGE = YES_ERROR;
				CLANG_WARN_DOCUMENTATION_COMMENTS = YES;
				CLANG_WARN_EMPTY_BODY = YES;
				CLANG_WARN_ENUM_CONVERSION = YES;
				CLANG_WARN_INFINITE_RECURSION = YES;
				CLANG_WARN_INT_CONVERSION = YES;
				CLANG_WARN_NON_LITERAL_NULL_CONVERSION = YES;
				CLANG_WARN_OBJC_IMPLICIT_RETAIN_SELF = YES;
				CLANG_WARN_OBJC_LITERAL_CONVERSION = YES;
				CLANG_WARN_OBJC_ROOT_CLASS = YES_ERROR;
				CLANG_WARN_RANGE_LOOP_ANALYSIS = YES;
				CLANG_WARN_STRICT_PROTOTYPES = YES;
				CLANG_WARN_SUSPICIOUS_MOVE = YES;
				CLANG_WARN_UNGUARDED_AVAILABILITY = YES_AGGRESSIVE;
				CLANG_WARN_UNREACHABLE_CODE = YES;
				CLANG_WARN__DUPLICATE_METHOD_MATCH = YES;
				CODE_SIGN_IDENTITY = "iPhone Developer";
				COPY_PHASE_STRIP = NO;
				DEBUG_INFORMATION_FORMAT = dwarf;
				ENABLE_STRICT_OBJC_MSGSEND = YES;
				ENABLE_TESTABILITY = YES;
				GCC_C_LANGUAGE_STANDARD = gnu11;
				GCC_DYNAMIC_NO_PIC = NO;
				GCC_NO_COMMON_BLOCKS = YES;
				GCC_OPTIMIZATION_LEVEL = 0;
				GCC_PREPROCESSOR_DEFINITIONS = (
					"DEBUG=1",
					"$(inherited)",
				);
				GCC_WARN_64_TO_32_BIT_CONVERSION = YES;
				GCC_WARN_ABOUT_RETURN_TYPE = YES_ERROR;
				GCC_WARN_UNDECLARED_SELECTOR = YES;
				GCC_WARN_UNINITIALIZED_AUTOS = YES_AGGRESSIVE;
				GCC_WARN_UNUSED_FUNCTION = YES;
				GCC_WARN_UNUSED_VARIABLE = YES;
				IPHONEOS_DEPLOYMENT_TARGET = 12.2;
				MTL_ENABLE_DEBUG_INFO = INCLUDE_SOURCE;
				MTL_FAST_MATH = YES;
				ONLY_ACTIVE_ARCH = YES;
				SDKROOT = iphoneos;
				SWIFT_ACTIVE_COMPILATION_CONDITIONS = DEBUG;
				SWIFT_OPTIMIZATION_LEVEL = "-Onone";
			};
			name = Debug;
		};
		3C90F51D228B634400F3EAA5 /* Release */ = {
			isa = XCBuildConfiguration;
			buildSettings = {
				ALWAYS_SEARCH_USER_PATHS = NO;
				CLANG_ANALYZER_NONNULL = YES;
				CLANG_ANALYZER_NUMBER_OBJECT_CONVERSION = YES_AGGRESSIVE;
				CLANG_CXX_LANGUAGE_STANDARD = "gnu++14";
				CLANG_CXX_LIBRARY = "libc++";
				CLANG_ENABLE_MODULES = YES;
				CLANG_ENABLE_OBJC_ARC = YES;
				CLANG_ENABLE_OBJC_WEAK = YES;
				CLANG_WARN_BLOCK_CAPTURE_AUTORELEASING = YES;
				CLANG_WARN_BOOL_CONVERSION = YES;
				CLANG_WARN_COMMA = YES;
				CLANG_WARN_CONSTANT_CONVERSION = YES;
				CLANG_WARN_DEPRECATED_OBJC_IMPLEMENTATIONS = YES;
				CLANG_WARN_DIRECT_OBJC_ISA_USAGE = YES_ERROR;
				CLANG_WARN_DOCUMENTATION_COMMENTS = YES;
				CLANG_WARN_EMPTY_BODY = YES;
				CLANG_WARN_ENUM_CONVERSION = YES;
				CLANG_WARN_INFINITE_RECURSION = YES;
				CLANG_WARN_INT_CONVERSION = YES;
				CLANG_WARN_NON_LITERAL_NULL_CONVERSION = YES;
				CLANG_WARN_OBJC_IMPLICIT_RETAIN_SELF = YES;
				CLANG_WARN_OBJC_LITERAL_CONVERSION = YES;
				CLANG_WARN_OBJC_ROOT_CLASS = YES_ERROR;
				CLANG_WARN_RANGE_LOOP_ANALYSIS = YES;
				CLANG_WARN_STRICT_PROTOTYPES = YES;
				CLANG_WARN_SUSPICIOUS_MOVE = YES;
				CLANG_WARN_UNGUARDED_AVAILABILITY = YES_AGGRESSIVE;
				CLANG_WARN_UNREACHABLE_CODE = YES;
				CLANG_WARN__DUPLICATE_METHOD_MATCH = YES;
				CODE_SIGN_IDENTITY = "iPhone Developer";
				COPY_PHASE_STRIP = NO;
				DEBUG_INFORMATION_FORMAT = "dwarf-with-dsym";
				ENABLE_NS_ASSERTIONS = NO;
				ENABLE_STRICT_OBJC_MSGSEND = YES;
				GCC_C_LANGUAGE_STANDARD = gnu11;
				GCC_NO_COMMON_BLOCKS = YES;
				GCC_WARN_64_TO_32_BIT_CONVERSION = YES;
				GCC_WARN_ABOUT_RETURN_TYPE = YES_ERROR;
				GCC_WARN_UNDECLARED_SELECTOR = YES;
				GCC_WARN_UNINITIALIZED_AUTOS = YES_AGGRESSIVE;
				GCC_WARN_UNUSED_FUNCTION = YES;
				GCC_WARN_UNUSED_VARIABLE = YES;
				IPHONEOS_DEPLOYMENT_TARGET = 12.2;
				MTL_ENABLE_DEBUG_INFO = NO;
				MTL_FAST_MATH = YES;
				SDKROOT = iphoneos;
				SWIFT_COMPILATION_MODE = wholemodule;
				SWIFT_OPTIMIZATION_LEVEL = "-O";
				VALIDATE_PRODUCT = YES;
			};
			name = Release;
		};
		3C90F51F228B634400F3EAA5 /* Debug */ = {
			isa = XCBuildConfiguration;
			buildSettings = {
				ASSETCATALOG_COMPILER_APPICON_NAME = AppIcon;
				CODE_SIGN_STYLE = Automatic;
				DEVELOPMENT_TEAM = DL6N525G5K;
				INFOPLIST_FILE = GradientColorPicker/Info.plist;
				LD_RUNPATH_SEARCH_PATHS = (
					"$(inherited)",
					"@executable_path/Frameworks",
				);
				PRODUCT_BUNDLE_IDENTIFIER = com.GreenSphereStudios.GradientColorPicker;
				PRODUCT_NAME = "$(TARGET_NAME)";
				SWIFT_VERSION = 5.0;
				TARGETED_DEVICE_FAMILY = "1,2";
			};
			name = Debug;
		};
		3C90F520228B634400F3EAA5 /* Release */ = {
			isa = XCBuildConfiguration;
			buildSettings = {
				ASSETCATALOG_COMPILER_APPICON_NAME = AppIcon;
				CODE_SIGN_STYLE = Automatic;
				DEVELOPMENT_TEAM = DL6N525G5K;
				INFOPLIST_FILE = GradientColorPicker/Info.plist;
				LD_RUNPATH_SEARCH_PATHS = (
					"$(inherited)",
					"@executable_path/Frameworks",
				);
				PRODUCT_BUNDLE_IDENTIFIER = com.GreenSphereStudios.GradientColorPicker;
				PRODUCT_NAME = "$(TARGET_NAME)";
				SWIFT_VERSION = 5.0;
				TARGETED_DEVICE_FAMILY = "1,2";
			};
			name = Release;
		};
/* End XCBuildConfiguration section */

/* Begin XCConfigurationList section */
		3C90F507228B634200F3EAA5 /* Build configuration list for PBXProject "GradientColorPicker" */ = {
			isa = XCConfigurationList;
			buildConfigurations = (
				3C90F51C228B634400F3EAA5 /* Debug */,
				3C90F51D228B634400F3EAA5 /* Release */,
			);
			defaultConfigurationIsVisible = 0;
			defaultConfigurationName = Release;
		};
		3C90F51E228B634400F3EAA5 /* Build configuration list for PBXNativeTarget "GradientColorPicker" */ = {
			isa = XCConfigurationList;
			buildConfigurations = (
				3C90F51F228B634400F3EAA5 /* Debug */,
				3C90F520228B634400F3EAA5 /* Release */,
			);
			defaultConfigurationIsVisible = 0;
			defaultConfigurationName = Release;
		};
/* End XCConfigurationList section */
	};
	rootObject = 3C90F504228B634200F3EAA5 /* Project object */;
}
